
Microsoft Visual Studio Solution File, Format Version 12.00
# Visual Studio Version 16
VisualStudioVersion = 16.0.31624.102
MinimumVisualStudioVersion = 10.0.40219.1
Project("{FAE04EC0-301F-11D3-BF4B-00C04F79EFBC}") = "VajaWebAPI", "VajaWebAPI\VajaWebAPI.csproj", "{7488A7B6-006A-448F-B74D-FDB04C76444B}"
EndProject
Global
	GlobalSection(SolutionConfigurationPlatforms) = preSolution
		Debug|Any CPU = Debug|Any CPU
		Release|Any CPU = Release|Any CPU
	EndGlobalSection
	GlobalSection(ProjectConfigurationPlatforms) = postSolution
		{7488A7B6-006A-448F-B74D-FDB04C76444B}.Debug|Any CPU.ActiveCfg = Debug|Any CPU
		{7488A7B6-006A-448F-B74D-FDB04C76444B}.Debug|Any CPU.Build.0 = Debug|Any CPU
		{7488A7B6-006A-448F-B74D-FDB04C76444B}.Release|Any CPU.ActiveCfg = Release|Any CPU
		{7488A7B6-006A-448F-B74D-FDB04C76444B}.Release|Any CPU.Build.0 = Release|Any CPU
	EndGlobalSection
	GlobalSection(SolutionProperties) = preSolution
		HideSolutionNode = FALSE
	EndGlobalSection
	GlobalSection(ExtensibilityGlobals) = postSolution
		SolutionGuid = {2C1D4246-C317-4194-B2ED-70AC37874939}
	EndGlobalSection
EndGlobal
