
Microsoft Visual Studio Solution File, Format Version 12.00
# Visual Studio Version 16
VisualStudioVersion = 16.0.31624.102
MinimumVisualStudioVersion = 10.0.40219.1
Project("{FAE04EC0-301F-11D3-BF4B-00C04F79EFBC}") = "Prodajalna", "Prodajalna\Prodajalna.csproj", "{C3B11BA9-7381-4DA5-9855-0DCE33E1EE0A}"
EndProject
Global
	GlobalSection(SolutionConfigurationPlatforms) = preSolution
		Debug|Any CPU = Debug|Any CPU
		Release|Any CPU = Release|Any CPU
	EndGlobalSection
	GlobalSection(ProjectConfigurationPlatforms) = postSolution
		{C3B11BA9-7381-4DA5-9855-0DCE33E1EE0A}.Debug|Any CPU.ActiveCfg = Debug|Any CPU
		{C3B11BA9-7381-4DA5-9855-0DCE33E1EE0A}.Debug|Any CPU.Build.0 = Debug|Any CPU
		{C3B11BA9-7381-4DA5-9855-0DCE33E1EE0A}.Release|Any CPU.ActiveCfg = Release|Any CPU
		{C3B11BA9-7381-4DA5-9855-0DCE33E1EE0A}.Release|Any CPU.Build.0 = Release|Any CPU
	EndGlobalSection
	GlobalSection(SolutionProperties) = preSolution
		HideSolutionNode = FALSE
	EndGlobalSection
	GlobalSection(ExtensibilityGlobals) = postSolution
		SolutionGuid = {DC53A90B-DDE8-4033-9C94-5FC26B49A24E}
	EndGlobalSection
EndGlobal
