
Microsoft Visual Studio Solution File, Format Version 12.00
# Visual Studio Version 16
VisualStudioVersion = 16.0.31624.102
MinimumVisualStudioVersion = 10.0.40219.1
Project("{FAE04EC0-301F-11D3-BF4B-00C04F79EFBC}") = "Usebniki", "Usebniki\Usebniki.csproj", "{28F05BFA-A190-4B01-9DCD-FF1004C72D4F}"
EndProject
Global
	GlobalSection(SolutionConfigurationPlatforms) = preSolution
		Debug|ARM = Debug|ARM
		Debug|ARM64 = Debug|ARM64
		Debug|x64 = Debug|x64
		Debug|x86 = Debug|x86
		Release|ARM = Release|ARM
		Release|ARM64 = Release|ARM64
		Release|x64 = Release|x64
		Release|x86 = Release|x86
	EndGlobalSection
	GlobalSection(ProjectConfigurationPlatforms) = postSolution
		{28F05BFA-A190-4B01-9DCD-FF1004C72D4F}.Debug|ARM.ActiveCfg = Debug|ARM
		{28F05BFA-A190-4B01-9DCD-FF1004C72D4F}.Debug|ARM.Build.0 = Debug|ARM
		{28F05BFA-A190-4B01-9DCD-FF1004C72D4F}.Debug|ARM.Deploy.0 = Debug|ARM
		{28F05BFA-A190-4B01-9DCD-FF1004C72D4F}.Debug|ARM64.ActiveCfg = Debug|ARM64
		{28F05BFA-A190-4B01-9DCD-FF1004C72D4F}.Debug|ARM64.Build.0 = Debug|ARM64
		{28F05BFA-A190-4B01-9DCD-FF1004C72D4F}.Debug|ARM64.Deploy.0 = Debug|ARM64
		{28F05BFA-A190-4B01-9DCD-FF1004C72D4F}.Debug|x64.ActiveCfg = Debug|x64
		{28F05BFA-A190-4B01-9DCD-FF1004C72D4F}.Debug|x64.Build.0 = Debug|x64
		{28F05BFA-A190-4B01-9DCD-FF1004C72D4F}.Debug|x64.Deploy.0 = Debug|x64
		{28F05BFA-A190-4B01-9DCD-FF1004C72D4F}.Debug|x86.ActiveCfg = Debug|x86
		{28F05BFA-A190-4B01-9DCD-FF1004C72D4F}.Debug|x86.Build.0 = Debug|x86
		{28F05BFA-A190-4B01-9DCD-FF1004C72D4F}.Debug|x86.Deploy.0 = Debug|x86
		{28F05BFA-A190-4B01-9DCD-FF1004C72D4F}.Release|ARM.ActiveCfg = Release|ARM
		{28F05BFA-A190-4B01-9DCD-FF1004C72D4F}.Release|ARM.Build.0 = Release|ARM
		{28F05BFA-A190-4B01-9DCD-FF1004C72D4F}.Release|ARM.Deploy.0 = Release|ARM
		{28F05BFA-A190-4B01-9DCD-FF1004C72D4F}.Release|ARM64.ActiveCfg = Release|ARM64
		{28F05BFA-A190-4B01-9DCD-FF1004C72D4F}.Release|ARM64.Build.0 = Release|ARM64
		{28F05BFA-A190-4B01-9DCD-FF1004C72D4F}.Release|ARM64.Deploy.0 = Release|ARM64
		{28F05BFA-A190-4B01-9DCD-FF1004C72D4F}.Release|x64.ActiveCfg = Release|x64
		{28F05BFA-A190-4B01-9DCD-FF1004C72D4F}.Release|x64.Build.0 = Release|x64
		{28F05BFA-A190-4B01-9DCD-FF1004C72D4F}.Release|x64.Deploy.0 = Release|x64
		{28F05BFA-A190-4B01-9DCD-FF1004C72D4F}.Release|x86.ActiveCfg = Release|x86
		{28F05BFA-A190-4B01-9DCD-FF1004C72D4F}.Release|x86.Build.0 = Release|x86
		{28F05BFA-A190-4B01-9DCD-FF1004C72D4F}.Release|x86.Deploy.0 = Release|x86
	EndGlobalSection
	GlobalSection(SolutionProperties) = preSolution
		HideSolutionNode = FALSE
	EndGlobalSection
	GlobalSection(ExtensibilityGlobals) = postSolution
		SolutionGuid = {531A3E30-059A-4AC6-9717-54FB35DBD6AA}
	EndGlobalSection
EndGlobal
