
Microsoft Visual Studio Solution File, Format Version 12.00
# Visual Studio Version 16
VisualStudioVersion = 16.0.31624.102
MinimumVisualStudioVersion = 10.0.40219.1
Project("{FAE04EC0-301F-11D3-BF4B-00C04F79EFBC}") = "KlicAPI", "KlicAPI\KlicAPI.csproj", "{7C6DEA6C-20F1-4980-825F-8599F5C809D0}"
EndProject
Global
	GlobalSection(SolutionConfigurationPlatforms) = preSolution
		Debug|Any CPU = Debug|Any CPU
		Release|Any CPU = Release|Any CPU
	EndGlobalSection
	GlobalSection(ProjectConfigurationPlatforms) = postSolution
		{7C6DEA6C-20F1-4980-825F-8599F5C809D0}.Debug|Any CPU.ActiveCfg = Debug|Any CPU
		{7C6DEA6C-20F1-4980-825F-8599F5C809D0}.Debug|Any CPU.Build.0 = Debug|Any CPU
		{7C6DEA6C-20F1-4980-825F-8599F5C809D0}.Release|Any CPU.ActiveCfg = Release|Any CPU
		{7C6DEA6C-20F1-4980-825F-8599F5C809D0}.Release|Any CPU.Build.0 = Release|Any CPU
	EndGlobalSection
	GlobalSection(SolutionProperties) = preSolution
		HideSolutionNode = FALSE
	EndGlobalSection
	GlobalSection(ExtensibilityGlobals) = postSolution
		SolutionGuid = {E8D91242-139E-400B-99BC-F6C50A538E31}
	EndGlobalSection
EndGlobal
