
Microsoft Visual Studio Solution File, Format Version 12.00
# Visual Studio Version 16
VisualStudioVersion = 16.0.31624.102
MinimumVisualStudioVersion = 10.0.40219.1
Project("{FAE04EC0-301F-11D3-BF4B-00C04F79EFBC}") = "PrvaMVC", "PrvaMVC\PrvaMVC.csproj", "{D53D6E49-07FA-4EE6-A034-C349897EADAD}"
EndProject
Global
	GlobalSection(SolutionConfigurationPlatforms) = preSolution
		Debug|Any CPU = Debug|Any CPU
		Release|Any CPU = Release|Any CPU
	EndGlobalSection
	GlobalSection(ProjectConfigurationPlatforms) = postSolution
		{D53D6E49-07FA-4EE6-A034-C349897EADAD}.Debug|Any CPU.ActiveCfg = Debug|Any CPU
		{D53D6E49-07FA-4EE6-A034-C349897EADAD}.Debug|Any CPU.Build.0 = Debug|Any CPU
		{D53D6E49-07FA-4EE6-A034-C349897EADAD}.Release|Any CPU.ActiveCfg = Release|Any CPU
		{D53D6E49-07FA-4EE6-A034-C349897EADAD}.Release|Any CPU.Build.0 = Release|Any CPU
	EndGlobalSection
	GlobalSection(SolutionProperties) = preSolution
		HideSolutionNode = FALSE
	EndGlobalSection
	GlobalSection(ExtensibilityGlobals) = postSolution
		SolutionGuid = {34B690AE-69C5-41FA-B1AA-FF1FA1FC6290}
	EndGlobalSection
EndGlobal
